// !$*UTF8*$!
{
	archiveVersion = 1;
	classes = {
	};
	objectVersion = 50;
	objects = {

/* Begin PBXBuildFile section */
		8873B201209CD9FE0072CD15 /* AppDelegate.swift in Sources */ = {isa = PBXBuildFile; fileRef = 8873B200209CD9FE0072CD15 /* AppDelegate.swift */; };
		8873B203209CD9FE0072CD15 /* ViewController.swift in Sources */ = {isa = PBXBuildFile; fileRef = 8873B202209CD9FE0072CD15 /* ViewController.swift */; };
		8873B206209CD9FE0072CD15 /* Main.storyboard in Resources */ = {isa = PBXBuildFile; fileRef = 8873B204209CD9FE0072CD15 /* Main.storyboard */; };
		8873B208209CD9FF0072CD15 /* Assets.xcassets in Resources */ = {isa = PBXBuildFile; fileRef = 8873B207209CD9FF0072CD15 /* Assets.xcassets */; };
		8873B219209CDC440072CD15 /* NotificationCenter.framework in Frameworks */ = {isa = PBXBuildFile; fileRef = 8873B218209CDC440072CD15 /* NotificationCenter.framework */; };
		8873B21C209CDC440072CD15 /* TodayViewController.swift in Sources */ = {isa = PBXBuildFile; fileRef = 8873B21B209CDC440072CD15 /* TodayViewController.swift */; };
		8873B21F209CDC440072CD15 /* MainInterface.storyboard in Resources */ = {isa = PBXBuildFile; fileRef = 8873B21D209CDC440072CD15 /* MainInterface.storyboard */; };
		8873B223209CDC440072CD15 /* TodayExtension.appex in Embed App Extensions */ = {isa = PBXBuildFile; fileRef = 8873B216209CDC440072CD15 /* TodayExtension.appex */; settings = {ATTRIBUTES = (RemoveHeadersOnCopy, ); }; };
/* End PBXBuildFile section */

/* Begin PBXContainerItemProxy section */
		8873B221209CDC440072CD15 /* PBXContainerItemProxy */ = {
			isa = PBXContainerItemProxy;
			containerPortal = 8873B1F5209CD9FE0072CD15 /* Project object */;
			proxyType = 1;
			remoteGlobalIDString = 8873B215209CDC440072CD15;
			remoteInfo = TodayExtension;
		};
/* End PBXContainerItemProxy section */

/* Begin PBXCopyFilesBuildPhase section */
		8873B227209CDC440072CD15 /* Embed App Extensions */ = {
			isa = PBXCopyFilesBuildPhase;
			buildActionMask = 2147483647;
			dstPath = "";
			dstSubfolderSpec = 13;
			files = (
				8873B223209CDC440072CD15 /* TodayExtension.appex in Embed App Extensions */,
			);
			name = "Embed App Extensions";
			runOnlyForDeploymentPostprocessing = 0;
		};
/* End PBXCopyFilesBuildPhase section */

/* Begin PBXFileReference section */
		8873B1FD209CD9FE0072CD15 /* DemoAppGroupToday.app */ = {isa = PBXFileReference; explicitFileType = wrapper.application; includeInIndex = 0; path = DemoAppGroupToday.app; sourceTree = BUILT_PRODUCTS_DIR; };
		8873B200209CD9FE0072CD15 /* AppDelegate.swift */ = {isa = PBXFileReference; lastKnownFileType = sourcecode.swift; path = AppDelegate.swift; sourceTree = "<group>"; };
		8873B202209CD9FE0072CD15 /* ViewController.swift */ = {isa = PBXFileReference; lastKnownFileType = sourcecode.swift; path = ViewController.swift; sourceTree = "<group>"; };
		8873B205209CD9FE0072CD15 /* Base */ = {isa = PBXFileReference; lastKnownFileType = file.storyboard; name = Base; path = Base.lproj/Main.storyboard; sourceTree = "<group>"; };
		8873B207209CD9FF0072CD15 /* Assets.xcassets */ = {isa = PBXFileReference; lastKnownFileType = folder.assetcatalog; path = Assets.xcassets; sourceTree = "<group>"; };
		8873B20C209CD9FF0072CD15 /* Info.plist */ = {isa = PBXFileReference; lastKnownFileType = text.plist.xml; path = Info.plist; sourceTree = "<group>"; };
		8873B216209CDC440072CD15 /* TodayExtension.appex */ = {isa = PBXFileReference; explicitFileType = "wrapper.app-extension"; includeInIndex = 0; path = TodayExtension.appex; sourceTree = BUILT_PRODUCTS_DIR; };
		8873B218209CDC440072CD15 /* NotificationCenter.framework */ = {isa = PBXFileReference; lastKnownFileType = wrapper.framework; name = NotificationCenter.framework; path = System/Library/Frameworks/NotificationCenter.framework; sourceTree = SDKROOT; };
		8873B21B209CDC440072CD15 /* TodayViewController.swift */ = {isa = PBXFileReference; lastKnownFileType = sourcecode.swift; path = TodayViewController.swift; sourceTree = "<group>"; };
		8873B21E209CDC440072CD15 /* Base */ = {isa = PBXFileReference; lastKnownFileType = file.storyboard; name = Base; path = Base.lproj/MainInterface.storyboard; sourceTree = "<group>"; };
		8873B220209CDC440072CD15 /* Info.plist */ = {isa = PBXFileReference; lastKnownFileType = text.plist.xml; path = Info.plist; sourceTree = "<group>"; };
		8873B228209CDC990072CD15 /* DemoAppGroupToday.entitlements */ = {isa = PBXFileReference; lastKnownFileType = text.plist.entitlements; path = DemoAppGroupToday.entitlements; sourceTree = "<group>"; };
		8873B229209CDCCB0072CD15 /* TodayExtension.entitlements */ = {isa = PBXFileReference; lastKnownFileType = text.plist.entitlements; path = TodayExtension.entitlements; sourceTree = "<group>"; };
/* End PBXFileReference section */

/* Begin PBXFrameworksBuildPhase section */
		8873B1FA209CD9FE0072CD15 /* Frameworks */ = {
			isa = PBXFrameworksBuildPhase;
			buildActionMask = 2147483647;
			files = (
			);
			runOnlyForDeploymentPostprocessing = 0;
		};
		8873B213209CDC440072CD15 /* Frameworks */ = {
			isa = PBXFrameworksBuildPhase;
			buildActionMask = 2147483647;
			files = (
				8873B219209CDC440072CD15 /* NotificationCenter.framework in Frameworks */,
			);
			runOnlyForDeploymentPostprocessing = 0;
		};
/* End PBXFrameworksBuildPhase section */

/* Begin PBXGroup section */
		8873B1F4209CD9FE0072CD15 = {
			isa = PBXGroup;
			children = (
				8873B1FF209CD9FE0072CD15 /* DemoAppGroupToday */,
				8873B21A209CDC440072CD15 /* TodayExtension */,
				8873B217209CDC440072CD15 /* Frameworks */,
				8873B1FE209CD9FE0072CD15 /* Products */,
			);
			sourceTree = "<group>";
		};
		8873B1FE209CD9FE0072CD15 /* Products */ = {
			isa = PBXGroup;
			children = (
				8873B1FD209CD9FE0072CD15 /* DemoAppGroupToday.app */,
				8873B216209CDC440072CD15 /* TodayExtension.appex */,
			);
			name = Products;
			sourceTree = "<group>";
		};
		8873B1FF209CD9FE0072CD15 /* DemoAppGroupToday */ = {
			isa = PBXGroup;
			children = (
				8873B228209CDC990072CD15 /* DemoAppGroupToday.entitlements */,
				8873B200209CD9FE0072CD15 /* AppDelegate.swift */,
				8873B202209CD9FE0072CD15 /* ViewController.swift */,
				8873B204209CD9FE0072CD15 /* Main.storyboard */,
				8873B207209CD9FF0072CD15 /* Assets.xcassets */,
				8873B20C209CD9FF0072CD15 /* Info.plist */,
			);
			path = DemoAppGroupToday;
			sourceTree = "<group>";
		};
		8873B217209CDC440072CD15 /* Frameworks */ = {
			isa = PBXGroup;
			children = (
				8873B218209CDC440072CD15 /* NotificationCenter.framework */,
			);
			name = Frameworks;
			sourceTree = "<group>";
		};
		8873B21A209CDC440072CD15 /* TodayExtension */ = {
			isa = PBXGroup;
			children = (
				8873B229209CDCCB0072CD15 /* TodayExtension.entitlements */,
				8873B21B209CDC440072CD15 /* TodayViewController.swift */,
				8873B21D209CDC440072CD15 /* MainInterface.storyboard */,
				8873B220209CDC440072CD15 /* Info.plist */,
			);
			path = TodayExtension;
			sourceTree = "<group>";
		};
/* End PBXGroup section */

/* Begin PBXNativeTarget section */
		8873B1FC209CD9FE0072CD15 /* DemoAppGroupToday */ = {
			isa = PBXNativeTarget;
			buildConfigurationList = 8873B20F209CD9FF0072CD15 /* Build configuration list for PBXNativeTarget "DemoAppGroupToday" */;
			buildPhases = (
				8873B1F9209CD9FE0072CD15 /* Sources */,
				8873B1FA209CD9FE0072CD15 /* Frameworks */,
				8873B1FB209CD9FE0072CD15 /* Resources */,
				8873B227209CDC440072CD15 /* Embed App Extensions */,
			);
			buildRules = (
			);
			dependencies = (
				8873B222209CDC440072CD15 /* PBXTargetDependency */,
			);
			name = DemoAppGroupToday;
			productName = DemoAppGroupToday;
			productReference = 8873B1FD209CD9FE0072CD15 /* DemoAppGroupToday.app */;
			productType = "com.apple.product-type.application";
		};
		8873B215209CDC440072CD15 /* TodayExtension */ = {
			isa = PBXNativeTarget;
			buildConfigurationList = 8873B224209CDC440072CD15 /* Build configuration list for PBXNativeTarget "TodayExtension" */;
			buildPhases = (
				8873B212209CDC440072CD15 /* Sources */,
				8873B213209CDC440072CD15 /* Frameworks */,
				8873B214209CDC440072CD15 /* Resources */,
			);
			buildRules = (
			);
			dependencies = (
			);
			name = TodayExtension;
			productName = TodayExtension;
			productReference = 8873B216209CDC440072CD15 /* TodayExtension.appex */;
			productType = "com.apple.product-type.app-extension";
		};
/* End PBXNativeTarget section */

/* Begin PBXProject section */
		8873B1F5209CD9FE0072CD15 /* Project object */ = {
			isa = PBXProject;
			attributes = {
				LastSwiftUpdateCheck = 0930;
				LastUpgradeCheck = 0930;
				ORGANIZATIONNAME = "Michael Collard";
				TargetAttributes = {
					8873B1FC209CD9FE0072CD15 = {
						CreatedOnToolsVersion = 9.3;
						SystemCapabilities = {
							com.apple.ApplicationGroups.iOS = {
								enabled = 1;
							};
						};
					};
					8873B215209CDC440072CD15 = {
						CreatedOnToolsVersion = 9.3;
						SystemCapabilities = {
							com.apple.ApplicationGroups.iOS = {
								enabled = 1;
							};
						};
					};
				};
			};
			buildConfigurationList = 8873B1F8209CD9FE0072CD15 /* Build configuration list for PBXProject "DemoAppGroupToday" */;
			compatibilityVersion = "Xcode 9.3";
			developmentRegion = en;
			hasScannedForEncodings = 0;
			knownRegions = (
				en,
				Base,
			);
			mainGroup = 8873B1F4209CD9FE0072CD15;
			productRefGroup = 8873B1FE209CD9FE0072CD15 /* Products */;
			projectDirPath = "";
			projectRoot = "";
			targets = (
				8873B1FC209CD9FE0072CD15 /* DemoAppGroupToday */,
				8873B215209CDC440072CD15 /* TodayExtension */,
			);
		};
/* End PBXProject section */

/* Begin PBXResourcesBuildPhase section */
		8873B1FB209CD9FE0072CD15 /* Resources */ = {
			isa = PBXResourcesBuildPhase;
			buildActionMask = 2147483647;
			files = (
				8873B208209CD9FF0072CD15 /* Assets.xcassets in Resources */,
				8873B206209CD9FE0072CD15 /* Main.storyboard in Resources */,
			);
			runOnlyForDeploymentPostprocessing = 0;
		};
		8873B214209CDC440072CD15 /* Resources */ = {
			isa = PBXResourcesBuildPhase;
			buildActionMask = 2147483647;
			files = (
				8873B21F209CDC440072CD15 /* MainInterface.storyboard in Resources */,
			);
			runOnlyForDeploymentPostprocessing = 0;
		};
/* End PBXResourcesBuildPhase section */

/* Begin PBXSourcesBuildPhase section */
		8873B1F9209CD9FE0072CD15 /* Sources */ = {
			isa = PBXSourcesBuildPhase;
			buildActionMask = 2147483647;
			files = (
				8873B203209CD9FE0072CD15 /* ViewController.swift in Sources */,
				8873B201209CD9FE0072CD15 /* AppDelegate.swift in Sources */,
			);
			runOnlyForDeploymentPostprocessing = 0;
		};
		8873B212209CDC440072CD15 /* Sources */ = {
			isa = PBXSourcesBuildPhase;
			buildActionMask = 2147483647;
			files = (
				8873B21C209CDC440072CD15 /* TodayViewController.swift in Sources */,
			);
			runOnlyForDeploymentPostprocessing = 0;
		};
/* End PBXSourcesBuildPhase section */

/* Begin PBXTargetDependency section */
		8873B222209CDC440072CD15 /* PBXTargetDependency */ = {
			isa = PBXTargetDependency;
			target = 8873B215209CDC440072CD15 /* TodayExtension */;
			targetProxy = 8873B221209CDC440072CD15 /* PBXContainerItemProxy */;
		};
/* End PBXTargetDependency section */

/* Begin PBXVariantGroup section */
		8873B204209CD9FE0072CD15 /* Main.storyboard */ = {
			isa = PBXVariantGroup;
			children = (
				8873B205209CD9FE0072CD15 /* Base */,
			);
			name = Main.storyboard;
			sourceTree = "<group>";
		};
		8873B21D209CDC440072CD15 /* MainInterface.storyboard */ = {
			isa = PBXVariantGroup;
			children = (
				8873B21E209CDC440072CD15 /* Base */,
			);
			name = MainInterface.storyboard;
			sourceTree = "<group>";
		};
/* End PBXVariantGroup section */

/* Begin XCBuildConfiguration section */
		8873B20D209CD9FF0072CD15 /* Debug */ = {
			isa = XCBuildConfiguration;
			buildSettings = {
				ALWAYS_SEARCH_USER_PATHS = NO;
				CLANG_ANALYZER_NONNULL = YES;
				CLANG_ANALYZER_NUMBER_OBJECT_CONVERSION = YES_AGGRESSIVE;
				CLANG_CXX_LANGUAGE_STANDARD = "gnu++14";
				CLANG_CXX_LIBRARY = "libc++";
				CLANG_ENABLE_MODULES = YES;
				CLANG_ENABLE_OBJC_ARC = YES;
				CLANG_ENABLE_OBJC_WEAK = YES;
				CLANG_WARN_BLOCK_CAPTURE_AUTORELEASING = YES;
				CLANG_WARN_BOOL_CONVERSION = YES;
				CLANG_WARN_COMMA = YES;
				CLANG_WARN_CONSTANT_CONVERSION = YES;
				CLANG_WARN_DEPRECATED_OBJC_IMPLEMENTATIONS = YES;
				CLANG_WARN_DIRECT_OBJC_ISA_USAGE = YES_ERROR;
				CLANG_WARN_DOCUMENTATION_COMMENTS = YES;
				CLANG_WARN_EMPTY_BODY = YES;
				CLANG_WARN_ENUM_CONVERSION = YES;
				CLANG_WARN_INFINITE_RECURSION = YES;
				CLANG_WARN_INT_CONVERSION = YES;
				CLANG_WARN_NON_LITERAL_NULL_CONVERSION = YES;
				CLANG_WARN_OBJC_IMPLICIT_RETAIN_SELF = YES;
				CLANG_WARN_OBJC_LITERAL_CONVERSION = YES;
				CLANG_WARN_OBJC_ROOT_CLASS = YES_ERROR;
				CLANG_WARN_RANGE_LOOP_ANALYSIS = YES;
				CLANG_WARN_STRICT_PROTOTYPES = YES;
				CLANG_WARN_SUSPICIOUS_MOVE = YES;
				CLANG_WARN_UNGUARDED_AVAILABILITY = YES_AGGRESSIVE;
				CLANG_WARN_UNREACHABLE_CODE = YES;
				CLANG_WARN__DUPLICATE_METHOD_MATCH = YES;
				CODE_SIGN_IDENTITY = "iPhone Developer";
				COPY_PHASE_STRIP = NO;
				DEBUG_INFORMATION_FORMAT = dwarf;
				ENABLE_STRICT_OBJC_MSGSEND = YES;
				ENABLE_TESTABILITY = YES;
				GCC_C_LANGUAGE_STANDARD = gnu11;
				GCC_DYNAMIC_NO_PIC = NO;
				GCC_NO_COMMON_BLOCKS = YES;
				GCC_OPTIMIZATION_LEVEL = 0;
				GCC_PREPROCESSOR_DEFINITIONS = (
					"DEBUG=1",
					"$(inherited)",
				);
				GCC_WARN_64_TO_32_BIT_CONVERSION = YES;
				GCC_WARN_ABOUT_RETURN_TYPE = YES_ERROR;
				GCC_WARN_UNDECLARED_SELECTOR = YES;
				GCC_WARN_UNINITIALIZED_AUTOS = YES_AGGRESSIVE;
				GCC_WARN_UNUSED_FUNCTION = YES;
				GCC_WARN_UNUSED_VARIABLE = YES;
				IPHONEOS_DEPLOYMENT_TARGET = 11.3;
				MTL_ENABLE_DEBUG_INFO = YES;
				ONLY_ACTIVE_ARCH = YES;
				SDKROOT = iphoneos;
				SWIFT_ACTIVE_COMPILATION_CONDITIONS = DEBUG;
				SWIFT_OPTIMIZATION_LEVEL = "-Onone";
			};
			name = Debug;
		};
		8873B20E209CD9FF0072CD15 /* Release */ = {
			isa = XCBuildConfiguration;
			buildSettings = {
				ALWAYS_SEARCH_USER_PATHS = NO;
				CLANG_ANALYZER_NONNULL = YES;
				CLANG_ANALYZER_NUMBER_OBJECT_CONVERSION = YES_AGGRESSIVE;
				CLANG_CXX_LANGUAGE_STANDARD = "gnu++14";
				CLANG_CXX_LIBRARY = "libc++";
				CLANG_ENABLE_MODULES = YES;
				CLANG_ENABLE_OBJC_ARC = YES;
				CLANG_ENABLE_OBJC_WEAK = YES;
				CLANG_WARN_BLOCK_CAPTURE_AUTORELEASING = YES;
				CLANG_WARN_BOOL_CONVERSION = YES;
				CLANG_WARN_COMMA = YES;
				CLANG_WARN_CONSTANT_CONVERSION = YES;
				CLANG_WARN_DEPRECATED_OBJC_IMPLEMENTATIONS = YES;
				CLANG_WARN_DIRECT_OBJC_ISA_USAGE = YES_ERROR;
				CLANG_WARN_DOCUMENTATION_COMMENTS = YES;
				CLANG_WARN_EMPTY_BODY = YES;
				CLANG_WARN_ENUM_CONVERSION = YES;
				CLANG_WARN_INFINITE_RECURSION = YES;
				CLANG_WARN_INT_CONVERSION = YES;
				CLANG_WARN_NON_LITERAL_NULL_CONVERSION = YES;
				CLANG_WARN_OBJC_IMPLICIT_RETAIN_SELF = YES;
				CLANG_WARN_OBJC_LITERAL_CONVERSION = YES;
				CLANG_WARN_OBJC_ROOT_CLASS = YES_ERROR;
				CLANG_WARN_RANGE_LOOP_ANALYSIS = YES;
				CLANG_WARN_STRICT_PROTOTYPES = YES;
				CLANG_WARN_SUSPICIOUS_MOVE = YES;
				CLANG_WARN_UNGUARDED_AVAILABILITY = YES_AGGRESSIVE;
				CLANG_WARN_UNREACHABLE_CODE = YES;
				CLANG_WARN__DUPLICATE_METHOD_MATCH = YES;
				CODE_SIGN_IDENTITY = "iPhone Developer";
				COPY_PHASE_STRIP = NO;
				DEBUG_INFORMATION_FORMAT = "dwarf-with-dsym";
				ENABLE_NS_ASSERTIONS = NO;
				ENABLE_STRICT_OBJC_MSGSEND = YES;
				GCC_C_LANGUAGE_STANDARD = gnu11;
				GCC_NO_COMMON_BLOCKS = YES;
				GCC_WARN_64_TO_32_BIT_CONVERSION = YES;
				GCC_WARN_ABOUT_RETURN_TYPE = YES_ERROR;
				GCC_WARN_UNDECLARED_SELECTOR = YES;
				GCC_WARN_UNINITIALIZED_AUTOS = YES_AGGRESSIVE;
				GCC_WARN_UNUSED_FUNCTION = YES;
				GCC_WARN_UNUSED_VARIABLE = YES;
				IPHONEOS_DEPLOYMENT_TARGET = 11.3;
				MTL_ENABLE_DEBUG_INFO = NO;
				SDKROOT = iphoneos;
				SWIFT_COMPILATION_MODE = wholemodule;
				SWIFT_OPTIMIZATION_LEVEL = "-O";
				VALIDATE_PRODUCT = YES;
			};
			name = Release;
		};
		8873B210209CD9FF0072CD15 /* Debug */ = {
			isa = XCBuildConfiguration;
			buildSettings = {
				ALWAYS_EMBED_SWIFT_STANDARD_LIBRARIES = YES;
				ASSETCATALOG_COMPILER_APPICON_NAME = AppIcon;
				CODE_SIGN_ENTITLEMENTS = DemoAppGroupToday/DemoAppGroupToday.entitlements;
				CODE_SIGN_IDENTITY = "iPhone Developer";
				CODE_SIGN_STYLE = Automatic;
				DEVELOPMENT_TEAM = 3FT8PS6NT6;
				INFOPLIST_FILE = DemoAppGroupToday/Info.plist;
				LD_RUNPATH_SEARCH_PATHS = (
					"$(inherited)",
					"@executable_path/Frameworks",
				);
				PRODUCT_BUNDLE_IDENTIFIER = edu.uakron.cs.ios.collard;
				PRODUCT_NAME = "$(TARGET_NAME)";
				PROVISIONING_PROFILE_SPECIFIER = "";
				SWIFT_VERSION = 4.0;
				TARGETED_DEVICE_FAMILY = "1,2";
			};
			name = Debug;
		};
		8873B211209CD9FF0072CD15 /* Release */ = {
			isa = XCBuildConfiguration;
			buildSettings = {
				ALWAYS_EMBED_SWIFT_STANDARD_LIBRARIES = YES;
				ASSETCATALOG_COMPILER_APPICON_NAME = AppIcon;
				CODE_SIGN_ENTITLEMENTS = DemoAppGroupToday/DemoAppGroupToday.entitlements;
				CODE_SIGN_IDENTITY = "iPhone Developer";
				CODE_SIGN_STYLE = Automatic;
				DEVELOPMENT_TEAM = 3FT8PS6NT6;
				INFOPLIST_FILE = DemoAppGroupToday/Info.plist;
				LD_RUNPATH_SEARCH_PATHS = (
					"$(inherited)",
					"@executable_path/Frameworks",
				);
				PRODUCT_BUNDLE_IDENTIFIER = edu.uakron.cs.ios.collard;
				PRODUCT_NAME = "$(TARGET_NAME)";
				PROVISIONING_PROFILE_SPECIFIER = "";
				SWIFT_VERSION = 4.0;
				TARGETED_DEVICE_FAMILY = "1,2";
			};
			name = Release;
		};
		8873B225209CDC440072CD15 /* Debug */ = {
			isa = XCBuildConfiguration;
			buildSettings = {
				CODE_SIGN_ENTITLEMENTS = TodayExtension/TodayExtension.entitlements;
				CODE_SIGN_STYLE = Manual;
				DEVELOPMENT_TEAM = 3FT8PS6NT6;
				INFOPLIST_FILE = TodayExtension/Info.plist;
				LD_RUNPATH_SEARCH_PATHS = (
					"$(inherited)",
					"@executable_path/Frameworks",
					"@executable_path/../../Frameworks",
				);
				PRODUCT_BUNDLE_IDENTIFIER = edu.uakron.cs.ios.collard.today;
				PRODUCT_NAME = "$(TARGET_NAME)";
				PROVISIONING_PROFILE = "46cb358f-a0b9-4b7e-a256-1e52c9917b36";
				PROVISIONING_PROFILE_SPECIFIER = "Michael Collard Today Extension";
				SKIP_INSTALL = YES;
				SWIFT_VERSION = 4.0;
				TARGETED_DEVICE_FAMILY = "1,2";
			};
			name = Debug;
		};
		8873B226209CDC440072CD15 /* Release */ = {
			isa = XCBuildConfiguration;
			buildSettings = {
				CODE_SIGN_ENTITLEMENTS = TodayExtension/TodayExtension.entitlements;
				CODE_SIGN_STYLE = Manual;
				DEVELOPMENT_TEAM = "";
				INFOPLIST_FILE = TodayExtension/Info.plist;
				LD_RUNPATH_SEARCH_PATHS = (
					"$(inherited)",
					"@executable_path/Frameworks",
					"@executable_path/../../Frameworks",
				);
				PRODUCT_BUNDLE_IDENTIFIER = edu.uakron.cs.ios.collard.today;
				PRODUCT_NAME = "$(TARGET_NAME)";
				PROVISIONING_PROFILE_SPECIFIER = "";
				SKIP_INSTALL = YES;
				SWIFT_VERSION = 4.0;
				TARGETED_DEVICE_FAMILY = "1,2";
			};
			name = Release;
		};
/* End XCBuildConfiguration section */

/* Begin XCConfigurationList section */
		8873B1F8209CD9FE0072CD15 /* Build configuration list for PBXProject "DemoAppGroupToday" */ = {
			isa = XCConfigurationList;
			buildConfigurations = (
				8873B20D209CD9FF0072CD15 /* Debug */,
				8873B20E209CD9FF0072CD15 /* Release */,
			);
			defaultConfigurationIsVisible = 0;
			defaultConfigurationName = Release;
		};
		8873B20F209CD9FF0072CD15 /* Build configuration list for PBXNativeTarget "DemoAppGroupToday" */ = {
			isa = XCConfigurationList;
			buildConfigurations = (
				8873B210209CD9FF0072CD15 /* Debug */,
				8873B211209CD9FF0072CD15 /* Release */,
			);
			defaultConfigurationIsVisible = 0;
			defaultConfigurationName = Release;
		};
		8873B224209CDC440072CD15 /* Build configuration list for PBXNativeTarget "TodayExtension" */ = {
			isa = XCConfigurationList;
			buildConfigurations = (
				8873B225209CDC440072CD15 /* Debug */,
				8873B226209CDC440072CD15 /* Release */,
			);
			defaultConfigurationIsVisible = 0;
			defaultConfigurationName = Release;
		};
/* End XCConfigurationList section */
	};
	rootObject = 8873B1F5209CD9FE0072CD15 /* Project object */;
}
